
Microsoft Visual Studio Solution File, Format Version 12.00
# Visual Studio Version 18
VisualStudioVersion = 18.3.11218.70
MinimumVisualStudioVersion = 10.0.40219.1
Project("{2150E333-8FDC-42A3-9474-1A3956D46DE8}") = "PostService", "PostService", "{02EA681E-C7D8-13C7-8484-4AC65E1B71E8}"
EndProject
Project("{2150E333-8FDC-42A3-9474-1A3956D46DE8}") = "BlobService", "BlobService", "{44190F96-4EED-4AE7-92FC-1255F0D865D9}"
EndProject
Project("{FAE04EC0-301F-11D3-BF4B-00C04F79EFBC}") = "BlobService.Api", "BlobService\BlobService.Api\BlobService.Api.csproj", "{1C4DC52F-2E87-4963-9120-341B27044457}"
EndProject
Project("{FAE04EC0-301F-11D3-BF4B-00C04F79EFBC}") = "Shared", "Shared\Shared.csproj", "{EFD0BA2C-8541-41D6-B37E-81F182FF7D32}"
EndProject
Project("{2150E333-8FDC-42A3-9474-1A3956D46DE8}") = "ThumbnailGenerator", "ThumbnailGenerator", "{24BD65DC-3850-4E13-ABB9-8B7512D78EB0}"
EndProject
Project("{FAE04EC0-301F-11D3-BF4B-00C04F79EFBC}") = "ThumbnailGenerator.Application", "ThumbnailGenerator\ThumbnailGenerator.Application\ThumbnailGenerator.Application.csproj", "{11FBB01B-A047-46A0-8898-33A017AF2ACF}"
EndProject
Project("{FAE04EC0-301F-11D3-BF4B-00C04F79EFBC}") = "ThumbnailGenerator.Infrastructure", "ThumbnailGenerator\ThumbnailGenerator.Infrastructure\ThumbnailGenerator.Infrastructure.csproj", "{C96A83F8-C623-4C0A-B011-390AB0200EA6}"
EndProject
Project("{FAE04EC0-301F-11D3-BF4B-00C04F79EFBC}") = "ThumbnailGenerator.Workers", "ThumbnailGenerator\ThumbnailGenerator.Workers\ThumbnailGenerator.Workers.csproj", "{8D85B18F-343B-4BB0-972A-FCE5132E51AC}"
EndProject
Project("{2150E333-8FDC-42A3-9474-1A3956D46DE8}") = "VideoTranscoder", "VideoTranscoder", "{8D6970E2-E9BD-4CDA-A76B-CDD9FFD1445A}"
EndProject
Project("{FAE04EC0-301F-11D3-BF4B-00C04F79EFBC}") = "VideoTranscoder.Application", "VideoTranscoder\VideoTranscoder.Application\VideoTranscoder.Application.csproj", "{65456B3D-2960-4123-8F59-A6CE6A311171}"
EndProject
Project("{FAE04EC0-301F-11D3-BF4B-00C04F79EFBC}") = "VideoTranscoder.Infrastructure", "VideoTranscoder\VideoTranscoder.Infrastructure\VideoTranscoder.Infrastructure.csproj", "{F394770F-3003-4C74-824E-474409CD7711}"
EndProject
Project("{FAE04EC0-301F-11D3-BF4B-00C04F79EFBC}") = "VideoTranscoder.Worker", "VideoTranscoder\VideoTranscoder.Worker\VideoTranscoder.Worker.csproj", "{BF53302B-9B9E-46F0-9381-530CA4619E2C}"
EndProject
Project("{2150E333-8FDC-42A3-9474-1A3956D46DE8}") = "ContentModerator", "ContentModerator", "{317B9BC1-5A99-4BBB-A345-9D0F75FF09B5}"
EndProject
Project("{FAE04EC0-301F-11D3-BF4B-00C04F79EFBC}") = "ContentModerator.Application", "ContentModerator\ContentModerator.Application\ContentModerator.Application.csproj", "{5354519D-61BD-44AF-BFC2-B23D37AE0B8E}"
EndProject
Project("{FAE04EC0-301F-11D3-BF4B-00C04F79EFBC}") = "ContentModerator.Infrastructure", "ContentModerator\ContentModerator.Infrastructure\ContentModerator.Infrastructure.csproj", "{C96581E0-2F16-4C54-B774-6F5AEB3B6587}"
EndProject
Project("{FAE04EC0-301F-11D3-BF4B-00C04F79EFBC}") = "ContentModerator.Worker", "ContentModerator\ContentModerator.Worker\ContentModerator.Worker.csproj", "{2CC93436-09DE-4BF4-B24B-E3B5F7FA2148}"
EndProject
Project("{2150E333-8FDC-42A3-9474-1A3956D46DE8}") = "MetadataExtractor", "MetadataExtractor", "{B5B62DEB-6E6E-4848-8DDC-B4B4272558D2}"
EndProject
Project("{FAE04EC0-301F-11D3-BF4B-00C04F79EFBC}") = "MetadataExtractor.Application", "MetadataExtractor\MetadataExtractor.Application\MetadataExtractor.Application.csproj", "{DCF8F650-4EE2-4C82-8C8F-35A7F219B97E}"
EndProject
Project("{FAE04EC0-301F-11D3-BF4B-00C04F79EFBC}") = "MetadataExtractor.Infrastructure", "MetadataExtractor\MetadataExtractor.Infrastructure\MetadataExtractor.Infrastructure.csproj", "{E84F6E74-3C76-4B3B-B402-991138A872BB}"
EndProject
Project("{FAE04EC0-301F-11D3-BF4B-00C04F79EFBC}") = "MetadataExtractor.Worker", "MetadataExtractor\MetadataExtractor.Worker\MetadataExtractor.Worker.csproj", "{46F07F00-3AEA-46CC-8AA0-D50354186CE3}"
EndProject
Project("{2150E333-8FDC-42A3-9474-1A3956D46DE8}") = "CommentService", "CommentService", "{B67C5389-9E61-4BB4-9D8A-70BB277BD165}"
EndProject
Project("{FAE04EC0-301F-11D3-BF4B-00C04F79EFBC}") = "CommentService.Domain", "CommentService\CommentService.Domain\CommentService.Domain.csproj", "{CEED7E92-7AC0-4508-9042-E1BC95CA1C6E}"
EndProject
Project("{FAE04EC0-301F-11D3-BF4B-00C04F79EFBC}") = "CommentService.Application", "CommentService\CommentService.Application\CommentService.Application.csproj", "{8DE872B4-EBB5-4672-BDBB-B392F99601E6}"
EndProject
Project("{FAE04EC0-301F-11D3-BF4B-00C04F79EFBC}") = "CommentService.Infrastructure", "CommentService\CommentService.Infrastructure\CommentService.Infrastructure.csproj", "{17ED2733-7775-440E-A8CB-EDDA39992464}"
EndProject
Project("{FAE04EC0-301F-11D3-BF4B-00C04F79EFBC}") = "Comment.Api", "CommentService\Comment.Api\Comment.Api.csproj", "{ADB7B165-4E5C-44C4-A7ED-AD0FDC664E32}"
EndProject
Project("{FAE04EC0-301F-11D3-BF4B-00C04F79EFBC}") = "CommetService.Workers", "CommentService\CommetService.Workers\CommetService.Workers.csproj", "{BC0DE7FC-F319-4A5C-A01A-A8ADC968BF4F}"
EndProject
Project("{2150E333-8FDC-42A3-9474-1A3956D46DE8}") = "Gateway", "Gateway", "{18C0A591-1D3E-4F9C-8450-C6EDE4773A86}"
EndProject
Project("{FAE04EC0-301F-11D3-BF4B-00C04F79EFBC}") = "Gateway", "Gateway\Gateway\Gateway.csproj", "{FF76C9DA-6B76-4FD9-9F19-CCA144958C00}"
EndProject
Project("{2150E333-8FDC-42A3-9474-1A3956D46DE8}") = "UserService", "UserService", "{357E5491-C20A-45D9-AC0B-7B28F0664565}"
EndProject
Project("{FAE04EC0-301F-11D3-BF4B-00C04F79EFBC}") = "UserService.Domain", "UserService\UserService.Domain\UserService.Domain.csproj", "{FDA64AD4-C90C-4071-8234-5A3E8D977E1A}"
EndProject
Project("{FAE04EC0-301F-11D3-BF4B-00C04F79EFBC}") = "UserService.Application", "UserService\UserService.Application\UserService.Application.csproj", "{5E0382D8-960A-40C3-BEFB-17CAFA1612B5}"
EndProject
Project("{FAE04EC0-301F-11D3-BF4B-00C04F79EFBC}") = "UserService.Infrastructure", "UserService\UserService.Infrastructure\UserService.Infrastructure.csproj", "{5B38AEED-FF24-4DB8-887C-4306BB23B8B5}"
EndProject
Project("{FAE04EC0-301F-11D3-BF4B-00C04F79EFBC}") = "UserService.Api", "UserService\UserService.Api\UserService.Api.csproj", "{081AC1D3-1B0C-4721-9375-8F92556FB3DB}"
EndProject
Project("{FAE04EC0-301F-11D3-BF4B-00C04F79EFBC}") = "UserService.Worker", "UserService\UserService.Worker\UserService.Worker.csproj", "{1A2D42EC-8B48-4694-BB92-99FF63545F77}"
EndProject
Project("{2150E333-8FDC-42A3-9474-1A3956D46DE8}") = "src", "src", "{F7E75CF8-F4C5-43B2-BF06-BF767CC140B8}"
EndProject
Project("{FAE04EC0-301F-11D3-BF4B-00C04F79EFBC}") = "PostService.Api", "PostService\src\PostService.Api\PostService.Api.csproj", "{EBF237AF-FD70-6356-18F6-0CE3F28D58D1}"
EndProject
Project("{FAE04EC0-301F-11D3-BF4B-00C04F79EFBC}") = "PostService.Application", "PostService\src\PostService.Application\PostService.Application.csproj", "{976C4FBA-A1BF-AA12-EC26-68405CF1E0AC}"
EndProject
Project("{FAE04EC0-301F-11D3-BF4B-00C04F79EFBC}") = "PostService.Domain", "PostService\src\PostService.Domain\PostService.Domain.csproj", "{40D8C68C-AEE1-64D8-7E8A-3BF909F739F7}"
EndProject
Project("{FAE04EC0-301F-11D3-BF4B-00C04F79EFBC}") = "PostService.Infrastructure", "PostService\src\PostService.Infrastructure\PostService.Infrastructure.csproj", "{5637D2F1-833C-58D5-7C61-6E16721A6F79}"
EndProject
Project("{FAE04EC0-301F-11D3-BF4B-00C04F79EFBC}") = "PostService.Workers", "PostService\src\PostService.Workers\PostService.Workers.csproj", "{394418E7-5AD4-308F-E25B-74CAC02D0443}"
EndProject
Project("{2150E333-8FDC-42A3-9474-1A3956D46DE8}") = "tests", "tests", "{F460F2AC-8E17-4DD4-B49C-D688218DC0AA}"
EndProject
Project("{FAE04EC0-301F-11D3-BF4B-00C04F79EFBC}") = "PostService.Domain.Test", "PostService\tests\PostService.Domain.Test\PostService.Domain.Test.csproj", "{8569AAF1-93F6-43B8-9991-9F295D2ADAC1}"
EndProject
Project("{2150E333-8FDC-42A3-9474-1A3956D46DE8}") = "TokenManager", "TokenManager", "{00AFA2ED-29DC-437D-81BD-387D919AE04A}"
EndProject
Project("{FAE04EC0-301F-11D3-BF4B-00C04F79EFBC}") = "TokenManager", "TokenManager\TokenManager\TokenManager.csproj", "{218410EE-C349-4E1C-85AD-04DDBFF5C84B}"
EndProject
Project("{FAE04EC0-301F-11D3-BF4B-00C04F79EFBC}") = "MetadataExtractor.Api", "MetadataExtractor\MetadataExtractor.Api\MetadataExtractor.Api.csproj", "{386B3AF2-8674-4C3A-9B08-8261CF2B659A}"
EndProject
Project("{FAE04EC0-301F-11D3-BF4B-00C04F79EFBC}") = "ThumbnailGenerator.Api", "ThumbnailGenerator\ThumbnailGenerator.Api\ThumbnailGenerator.Api.csproj", "{5BE7CB5F-CBCC-43DA-A008-BE339BD28B6D}"
EndProject
Project("{FAE04EC0-301F-11D3-BF4B-00C04F79EFBC}") = "VideoTranscoder.Api", "VideoTranscoder\VideoTranscoder.Api\VideoTranscoder.Api.csproj", "{05A93511-077C-4EE1-84E6-F26420AE6A86}"
EndProject
Project("{2150E333-8FDC-42A3-9474-1A3956D46DE8}") = "UserQueryService", "UserQueryService", "{6A49C928-13A2-4A8B-B655-A600975734E0}"
EndProject
Project("{FAE04EC0-301F-11D3-BF4B-00C04F79EFBC}") = "UserQueryService.Domain", "UserQueryService\UserQueryService.Domain\UserQueryService.Domain.csproj", "{B20F5587-9BD7-4ABD-8282-0A8213B389D0}"
EndProject
Project("{FAE04EC0-301F-11D3-BF4B-00C04F79EFBC}") = "UserQueryService.Infrastructure", "UserQueryService\UserQueryService.Infrastructure\UserQueryService.Infrastructure.csproj", "{0F96BD83-621C-432C-8CE1-CDF6CD7B9E0E}"
EndProject
Project("{FAE04EC0-301F-11D3-BF4B-00C04F79EFBC}") = "UserQueryService.Application", "UserQueryService\UserQueryService.Application\UserQueryService.Application.csproj", "{1488259F-BA28-4905-BACA-02E47DC31739}"
EndProject
Project("{FAE04EC0-301F-11D3-BF4B-00C04F79EFBC}") = "UserQueryService.Worker", "UserQueryService\UserQueryService.Worker\UserQueryService.Worker.csproj", "{11A02CC5-2771-4FD4-86D2-7DCE5659698D}"
EndProject
Project("{FAE04EC0-301F-11D3-BF4B-00C04F79EFBC}") = "UserQueryService.Api", "UserQueryService\UserQueryService.Api\UserQueryService.Api.csproj", "{C161FB3F-76CF-4255-B266-7FC563451740}"
EndProject
Project("{2150E333-8FDC-42A3-9474-1A3956D46DE8}") = "test", "test", "{1EE65D78-6B55-460E-B0D0-D16982DA1066}"
EndProject
Project("{FAE04EC0-301F-11D3-BF4B-00C04F79EFBC}") = "UserService.Domain.Tests", "UserService\test\UserService.Domain.Tests\UserService.Domain.Tests.csproj", "{C3BB5CCD-0DA5-42F6-A7E2-0044395C434C}"
EndProject
Project("{FAE04EC0-301F-11D3-BF4B-00C04F79EFBC}") = "UserActor.Host", "UserService\UserActor.Host\UserActor.Host.csproj", "{D5701555-EDC2-44A6-A567-BB56AFA352A5}"
EndProject
Project("{2150E333-8FDC-42A3-9474-1A3956D46DE8}") = "PostMediaService", "PostMediaService", "{E042081B-8626-4892-9193-824D42985FA0}"
EndProject
Project("{FAE04EC0-301F-11D3-BF4B-00C04F79EFBC}") = "PostMedia.Application", "PostMediaService\PostMedia.Application\PostMedia.Application.csproj", "{7B151E69-270C-A015-7121-443D4248F431}"
EndProject
Project("{FAE04EC0-301F-11D3-BF4B-00C04F79EFBC}") = "PostMedia.Domain", "PostMediaService\PostMedia.Domain\PostMedia.Domain.csproj", "{C81ACC94-5707-E8FC-7AF8-5C3957DAE04B}"
EndProject
Project("{FAE04EC0-301F-11D3-BF4B-00C04F79EFBC}") = "PostMedia.Infrastructure", "PostMediaService\PostMedia.Infrastructure\PostMedia.Infrastructure.csproj", "{D4B5EADA-0FB5-C84D-C5EC-FEA977F51334}"
EndProject
Project("{FAE04EC0-301F-11D3-BF4B-00C04F79EFBC}") = "PostMedia.Worker", "PostMediaService\PostMedia.Worker\PostMedia.Worker.csproj", "{30115525-2031-C881-74FF-3BDA4697C7BC}"
EndProject
Project("{FAE04EC0-301F-11D3-BF4B-00C04F79EFBC}") = "PostMediaActor.Host", "PostMediaService\PostMediaActor.Host\PostMediaActor.Host.csproj", "{4BBB5533-A2D8-DA3C-F31F-A6D8F3F7296F}"
EndProject
Project("{2150E333-8FDC-42A3-9474-1A3956D46DE8}") = "PostQueryService", "PostQueryService", "{F9ECAACB-5B00-4F23-B933-5D18A73097D7}"
EndProject
Project("{FAE04EC0-301F-11D3-BF4B-00C04F79EFBC}") = "PostQueryService.Domain", "PostQueryService\PostQueryService.Domain\PostQueryService.Domain.csproj", "{55AC2B5F-4F95-49DA-88C3-D887445EF80A}"
EndProject
Project("{FAE04EC0-301F-11D3-BF4B-00C04F79EFBC}") = "PostQueryService.Application", "PostQueryService\PostQueryService.Application\PostQueryService.Application.csproj", "{5F9E348C-63B4-4DD4-A61E-323AE174EF46}"
EndProject
Project("{FAE04EC0-301F-11D3-BF4B-00C04F79EFBC}") = "PostQueryService.Infrastructure", "PostQueryService\PostQueryService.Infrastructure\PostQueryService.Infrastructure.csproj", "{92C01F7F-EA8C-4E37-8F60-CA37421245C7}"
EndProject
Project("{FAE04EC0-301F-11D3-BF4B-00C04F79EFBC}") = "PostQueryService.Worker", "PostQueryService\PostQueryService.Worker\PostQueryService.Worker.csproj", "{36314FA6-5B7A-4B88-A6E7-0BABE8A776FF}"
EndProject
Project("{FAE04EC0-301F-11D3-BF4B-00C04F79EFBC}") = "PostQueryService.Api", "PostQueryService\PostQueryService.Api\PostQueryService.Api.csproj", "{369E9BDB-3083-4C7C-954D-A019CA582C91}"
EndProject
Project("{2150E333-8FDC-42A3-9474-1A3956D46DE8}") = "MessageService", "MessageService", "{22EF22D1-287F-492B-ACF3-56C1ED16D75A}"
EndProject
Project("{FAE04EC0-301F-11D3-BF4B-00C04F79EFBC}") = "MessageService.Domain", "MessageService\MessageService.Domain\MessageService.Domain.csproj", "{CC26E80C-DF2B-484E-97D9-AFFC90DD534F}"
EndProject
Project("{FAE04EC0-301F-11D3-BF4B-00C04F79EFBC}") = "MessageService.Application", "MessageService\MessageService.Application\MessageService.Application.csproj", "{F89A2BD9-0564-4AA0-BCDD-86EE397D86B9}"
EndProject
Project("{FAE04EC0-301F-11D3-BF4B-00C04F79EFBC}") = "MessageService.Infrastructure", "MessageService\MessageService.Infrastructure\MessageService.Infrastructure.csproj", "{0FF10C47-F2A2-480B-BEE6-59E24AFCCF31}"
EndProject
Project("{FAE04EC0-301F-11D3-BF4B-00C04F79EFBC}") = "MessageService.Api", "MessageService\MessageService.Api\MessageService.Api.csproj", "{7ABEE8A6-23F9-4768-9012-4A3E3B5C71CE}"
EndProject
Project("{FAE04EC0-301F-11D3-BF4B-00C04F79EFBC}") = "MessageCleanUp.Worker", "MessageCleanUp\MessageCleanUp.Worker\MessageCleanUp.Worker.csproj", "{C6885573-FE0D-444E-905F-6C61C627B448}"
EndProject
Project("{2150E333-8FDC-42A3-9474-1A3956D46DE8}") = "RealtimeService", "RealtimeService", "{706E5073-E3F0-4CD8-AF56-90D84578AE5D}"
EndProject
Project("{FAE04EC0-301F-11D3-BF4B-00C04F79EFBC}") = "RealtimeService.Api", "RealtimeService\RealtimeService.Api\RealtimeService.Api.csproj", "{A0FE7301-0D59-4C65-AF21-F65DF6375172}"
EndProject
Project("{FAE04EC0-301F-11D3-BF4B-00C04F79EFBC}") = "RealtimeService.Domain", "RealtimeService\RealtimeService.Domain\RealtimeService.Domain.csproj", "{9AE9CCCE-3297-4DBE-9E28-C06E807884EA}"
EndProject
Project("{FAE04EC0-301F-11D3-BF4B-00C04F79EFBC}") = "RealtimeService.Application", "RealtimeService\RealtimeService.Application\RealtimeService.Application.csproj", "{32FC2F8D-017B-4B1C-8728-193E60CA995A}"
EndProject
Project("{FAE04EC0-301F-11D3-BF4B-00C04F79EFBC}") = "RealtimeService.Infrastructure", "RealtimeService\RealtimeService.Infrastructure\RealtimeService.Infrastructure.csproj", "{EF200AD3-05C3-4D75-BDE7-E193B90E4213}"
EndProject
Project("{2150E333-8FDC-42A3-9474-1A3956D46DE8}") = "PostLikeService", "PostLikeService", "{9DAC8A7A-8AF6-4DC8-8502-B9AB05C15BEE}"
EndProject
Project("{FAE04EC0-301F-11D3-BF4B-00C04F79EFBC}") = "PostLikeService.Domain", "PostLikeService\PostLikeService.Domain\PostLikeService.Domain.csproj", "{1136597D-4719-4218-80FC-617DD5AEDB9F}"
EndProject
Project("{FAE04EC0-301F-11D3-BF4B-00C04F79EFBC}") = "PostLikeService.Application", "PostLikeService\PostLikeService.Application\PostLikeService.Application.csproj", "{1DCE80F1-51E4-4C8B-8827-89AFA62174EA}"
EndProject
Project("{FAE04EC0-301F-11D3-BF4B-00C04F79EFBC}") = "PostLikeService.Infrastructure", "PostLikeService\PostLikeService.Infrastructure\PostLikeService.Infrastructure.csproj", "{359B2452-75F8-4D7C-AC6F-A8D4ECBE325C}"
EndProject
Project("{FAE04EC0-301F-11D3-BF4B-00C04F79EFBC}") = "PostLikeService.Api", "PostLikeService\PostLikeService.Api\PostLikeService.Api.csproj", "{28AF3FC5-F0DB-4B08-A3DF-2652B6846A09}"
EndProject
Project("{2150E333-8FDC-42A3-9474-1A3956D46DE8}") = "PostLikeQueryService", "PostLikeQueryService", "{7DA59ED2-7F0E-4C6F-842D-E0377D4A4A2C}"
EndProject
Project("{FAE04EC0-301F-11D3-BF4B-00C04F79EFBC}") = "PostLikeQueryService.Domain", "PostLikeQueryService\PostLikeQueryService.Domain\PostLikeQueryService.Domain.csproj", "{D8E80D1E-4378-4BDB-B8ED-344E6EBB540F}"
EndProject
Project("{FAE04EC0-301F-11D3-BF4B-00C04F79EFBC}") = "PostLikeQueryService.Application", "PostLikeQueryService\PostLikeQueryService.Application\PostLikeQueryService.Application.csproj", "{12D3E8EA-704A-4C73-B479-C33EE576D23C}"
EndProject
Project("{FAE04EC0-301F-11D3-BF4B-00C04F79EFBC}") = "PostLikeQueryService.Infrastructure", "PostLikeQueryService\PostLikeQueryService.Infrastructure\PostLikeQueryService.Infrastructure.csproj", "{7FA202D4-6F38-4795-81CA-80593A0D9242}"
EndProject
Project("{FAE04EC0-301F-11D3-BF4B-00C04F79EFBC}") = "PostLikeService.Worker", "PostLikeService\PostLikeService.Worker\PostLikeService.Worker.csproj", "{17858BA7-8491-4AA1-9AF4-E4F5CA69535C}"
EndProject
Project("{FAE04EC0-301F-11D3-BF4B-00C04F79EFBC}") = "PostLikeQueryService.Api", "PostLikeQueryService\PostLikeQueryService.Api\PostLikeQueryService.Api.csproj", "{A257044A-E53E-459E-A4E4-D3A793374C30}"
EndProject
Project("{FAE04EC0-301F-11D3-BF4B-00C04F79EFBC}") = "PostLikeQueryService.Worker", "PostLikeQueryService\PostLikeQueryService.Worker\PostLikeQueryService.Worker.csproj", "{1B0788DC-3A5D-4D33-BEC5-97E39A449B30}"
EndProject
Project("{E53339B2-1760-4266-BCC7-CA923CBCF16C}") = "docker-compose", "docker-compose.dcproj", "{81DDED9D-158B-E303-5F62-77A2896D2A5A}"
EndProject
Project("{2150E333-8FDC-42A3-9474-1A3956D46DE8}") = "StudyProgramService", "StudyProgramService", "{4029913D-77FF-4C16-886C-ED330F25D286}"
EndProject
Project("{FAE04EC0-301F-11D3-BF4B-00C04F79EFBC}") = "StudyProgramService.Domain", "StudyProgramService\StudyProgramService.Domain\StudyProgramService.Domain.csproj", "{CA7EF548-A361-40C3-A29E-1446EDAE0101}"
EndProject
Project("{FAE04EC0-301F-11D3-BF4B-00C04F79EFBC}") = "StudyProgramService.Application", "StudyProgramService\StudyProgramService.Application\StudyProgramService.Application.csproj", "{44CEDCD1-09A3-45D7-8286-F63FAC00B472}"
EndProject
Project("{FAE04EC0-301F-11D3-BF4B-00C04F79EFBC}") = "StudyProgramService.Api", "StudyProgramService\StudyProgramService.Api\StudyProgramService.Api.csproj", "{A132C167-D89E-4D00-B67A-C3D93B9CF3D9}"
EndProject
Project("{FAE04EC0-301F-11D3-BF4B-00C04F79EFBC}") = "StudyProgramService.Infrastructure", "StudyProgramService\StudyProgramService.Infrastructure\StudyProgramService.Infrastructure.csproj", "{2CFB7263-6EFA-D3A4-4DC1-10FF0D29533A}"
EndProject
Project("{2150E333-8FDC-42A3-9474-1A3956D46DE8}") = "StudyProgramCapacityService", "StudyProgramCapacityService", "{A3ADFE47-C0D8-4690-850A-73567F73AD8D}"
EndProject
Project("{FAE04EC0-301F-11D3-BF4B-00C04F79EFBC}") = "StudyProgramCapacityService.Domain", "StudyProgramCapacityService\StudyProgramCapacityService.Domain\StudyProgramCapacityService.Domain.csproj", "{43F22F19-37CC-43DD-A572-F93C8DCA59AC}"
EndProject
Project("{FAE04EC0-301F-11D3-BF4B-00C04F79EFBC}") = "StudyProgramCapacityService.Application", "StudyProgramCapacityService\StudyProgramCapacityService.Application\StudyProgramCapacityService.Application.csproj", "{8A54E20A-0488-448D-AD32-031EA9B8E82D}"
EndProject
Project("{FAE04EC0-301F-11D3-BF4B-00C04F79EFBC}") = "StudyProgramCapacityService.Infrastructure", "StudyProgramCapacityService\StudyProgramCapacityService.Infrastructure\StudyProgramCapacityService.Infrastructure.csproj", "{F99DB21A-8063-4EA6-B4B4-18743E14BF8D}"
EndProject
Project("{FAE04EC0-301F-11D3-BF4B-00C04F79EFBC}") = "StudyProgramCapacityService.Silo", "StudyProgramCapacityService\StudyProgramCapacityService.Silo\StudyProgramCapacityService.Silo.csproj", "{469E61B6-3C33-4DCE-88DF-D14D2EE595DB}"
EndProject
Project("{FAE04EC0-301F-11D3-BF4B-00C04F79EFBC}") = "StudyProgramCapacityService.Worker", "StudyProgramCapacityService\StudyProgramCapacityService.Worker\StudyProgramCapacityService.Worker.csproj", "{507813C4-4C38-4031-8226-AA7F9F831160}"
EndProject
Project("{FAE04EC0-301F-11D3-BF4B-00C04F79EFBC}") = "StudyProgramService.Worker", "StudyProgramService\StudyProgramService.Worker\StudyProgramService.Worker.csproj", "{B1F148A9-5127-455B-A926-BCF78AF1555A}"
EndProject
Project("{2150E333-8FDC-42A3-9474-1A3956D46DE8}") = "StudyProgramApplicationService", "StudyProgramApplicationService", "{B4935C7B-3577-46EB-9CF8-8A6864F8DA5B}"
EndProject
Project("{FAE04EC0-301F-11D3-BF4B-00C04F79EFBC}") = "StudyProgramApplicationService.Domain", "StudyProgramApplicationService\StudyProgramApplicationService.Domain\StudyProgramApplicationService.Domain.csproj", "{2165AE51-4843-499D-BB12-B8BF1D9B8672}"
EndProject
Project("{FAE04EC0-301F-11D3-BF4B-00C04F79EFBC}") = "StudyProgramApplicationService.Application", "StudyProgramApplicationService\StudyProgramApplicationService.Application\StudyProgramApplicationService.Application.csproj", "{22AFEF1E-7EAD-4EE7-9E23-60417214DC56}"
EndProject
Project("{FAE04EC0-301F-11D3-BF4B-00C04F79EFBC}") = "StudyProgramApplicationService.Infrastructure", "StudyProgramApplicationService\StudyProgramApplicationService.Infrastructure\StudyProgramApplicationService.Infrastructure.csproj", "{3A68594A-47AD-4C33-93CD-4DC6FA76A72E}"
EndProject
Project("{FAE04EC0-301F-11D3-BF4B-00C04F79EFBC}") = "StudyProgramApplicationService.Api", "StudyProgramApplicationService\StudyProgramApplicationService.Api\StudyProgramApplicationService.Api.csproj", "{15A33213-041F-431C-A924-39B3D6F1D181}"
EndProject
Project("{FAE04EC0-301F-11D3-BF4B-00C04F79EFBC}") = "StudyProgramApplicationService.Worker", "StudyProgramApplicationService\StudyProgramApplicationService.Worker\StudyProgramApplicationService.Worker.csproj", "{C45DBE41-87EB-49F5-94C5-CB16B943E73F}"
EndProject
Global
	GlobalSection(SolutionConfigurationPlatforms) = preSolution
		Debug|Any CPU = Debug|Any CPU
		Release|Any CPU = Release|Any CPU
	EndGlobalSection
	GlobalSection(ProjectConfigurationPlatforms) = postSolution
		{1C4DC52F-2E87-4963-9120-341B27044457}.Debug|Any CPU.ActiveCfg = Debug|Any CPU
		{1C4DC52F-2E87-4963-9120-341B27044457}.Debug|Any CPU.Build.0 = Debug|Any CPU
		{1C4DC52F-2E87-4963-9120-341B27044457}.Release|Any CPU.ActiveCfg = Release|Any CPU
		{1C4DC52F-2E87-4963-9120-341B27044457}.Release|Any CPU.Build.0 = Release|Any CPU
		{EFD0BA2C-8541-41D6-B37E-81F182FF7D32}.Debug|Any CPU.ActiveCfg = Debug|Any CPU
		{EFD0BA2C-8541-41D6-B37E-81F182FF7D32}.Debug|Any CPU.Build.0 = Debug|Any CPU
		{EFD0BA2C-8541-41D6-B37E-81F182FF7D32}.Release|Any CPU.ActiveCfg = Release|Any CPU
		{EFD0BA2C-8541-41D6-B37E-81F182FF7D32}.Release|Any CPU.Build.0 = Release|Any CPU
		{11FBB01B-A047-46A0-8898-33A017AF2ACF}.Debug|Any CPU.ActiveCfg = Debug|Any CPU
		{11FBB01B-A047-46A0-8898-33A017AF2ACF}.Debug|Any CPU.Build.0 = Debug|Any CPU
		{11FBB01B-A047-46A0-8898-33A017AF2ACF}.Release|Any CPU.ActiveCfg = Release|Any CPU
		{11FBB01B-A047-46A0-8898-33A017AF2ACF}.Release|Any CPU.Build.0 = Release|Any CPU
		{C96A83F8-C623-4C0A-B011-390AB0200EA6}.Debug|Any CPU.ActiveCfg = Debug|Any CPU
		{C96A83F8-C623-4C0A-B011-390AB0200EA6}.Debug|Any CPU.Build.0 = Debug|Any CPU
		{C96A83F8-C623-4C0A-B011-390AB0200EA6}.Release|Any CPU.ActiveCfg = Release|Any CPU
		{C96A83F8-C623-4C0A-B011-390AB0200EA6}.Release|Any CPU.Build.0 = Release|Any CPU
		{8D85B18F-343B-4BB0-972A-FCE5132E51AC}.Debug|Any CPU.ActiveCfg = Debug|Any CPU
		{8D85B18F-343B-4BB0-972A-FCE5132E51AC}.Debug|Any CPU.Build.0 = Debug|Any CPU
		{8D85B18F-343B-4BB0-972A-FCE5132E51AC}.Release|Any CPU.ActiveCfg = Release|Any CPU
		{8D85B18F-343B-4BB0-972A-FCE5132E51AC}.Release|Any CPU.Build.0 = Release|Any CPU
		{65456B3D-2960-4123-8F59-A6CE6A311171}.Debug|Any CPU.ActiveCfg = Debug|Any CPU
		{65456B3D-2960-4123-8F59-A6CE6A311171}.Debug|Any CPU.Build.0 = Debug|Any CPU
		{65456B3D-2960-4123-8F59-A6CE6A311171}.Release|Any CPU.ActiveCfg = Release|Any CPU
		{65456B3D-2960-4123-8F59-A6CE6A311171}.Release|Any CPU.Build.0 = Release|Any CPU
		{F394770F-3003-4C74-824E-474409CD7711}.Debug|Any CPU.ActiveCfg = Debug|Any CPU
		{F394770F-3003-4C74-824E-474409CD7711}.Debug|Any CPU.Build.0 = Debug|Any CPU
		{F394770F-3003-4C74-824E-474409CD7711}.Release|Any CPU.ActiveCfg = Release|Any CPU
		{F394770F-3003-4C74-824E-474409CD7711}.Release|Any CPU.Build.0 = Release|Any CPU
		{BF53302B-9B9E-46F0-9381-530CA4619E2C}.Debug|Any CPU.ActiveCfg = Debug|Any CPU
		{BF53302B-9B9E-46F0-9381-530CA4619E2C}.Debug|Any CPU.Build.0 = Debug|Any CPU
		{BF53302B-9B9E-46F0-9381-530CA4619E2C}.Release|Any CPU.ActiveCfg = Release|Any CPU
		{BF53302B-9B9E-46F0-9381-530CA4619E2C}.Release|Any CPU.Build.0 = Release|Any CPU
		{5354519D-61BD-44AF-BFC2-B23D37AE0B8E}.Debug|Any CPU.ActiveCfg = Debug|Any CPU
		{5354519D-61BD-44AF-BFC2-B23D37AE0B8E}.Debug|Any CPU.Build.0 = Debug|Any CPU
		{5354519D-61BD-44AF-BFC2-B23D37AE0B8E}.Release|Any CPU.ActiveCfg = Release|Any CPU
		{5354519D-61BD-44AF-BFC2-B23D37AE0B8E}.Release|Any CPU.Build.0 = Release|Any CPU
		{C96581E0-2F16-4C54-B774-6F5AEB3B6587}.Debug|Any CPU.ActiveCfg = Debug|Any CPU
		{C96581E0-2F16-4C54-B774-6F5AEB3B6587}.Debug|Any CPU.Build.0 = Debug|Any CPU
		{C96581E0-2F16-4C54-B774-6F5AEB3B6587}.Release|Any CPU.ActiveCfg = Release|Any CPU
		{C96581E0-2F16-4C54-B774-6F5AEB3B6587}.Release|Any CPU.Build.0 = Release|Any CPU
		{2CC93436-09DE-4BF4-B24B-E3B5F7FA2148}.Debug|Any CPU.ActiveCfg = Debug|Any CPU
		{2CC93436-09DE-4BF4-B24B-E3B5F7FA2148}.Debug|Any CPU.Build.0 = Debug|Any CPU
		{2CC93436-09DE-4BF4-B24B-E3B5F7FA2148}.Release|Any CPU.ActiveCfg = Release|Any CPU
		{2CC93436-09DE-4BF4-B24B-E3B5F7FA2148}.Release|Any CPU.Build.0 = Release|Any CPU
		{DCF8F650-4EE2-4C82-8C8F-35A7F219B97E}.Debug|Any CPU.ActiveCfg = Debug|Any CPU
		{DCF8F650-4EE2-4C82-8C8F-35A7F219B97E}.Debug|Any CPU.Build.0 = Debug|Any CPU
		{DCF8F650-4EE2-4C82-8C8F-35A7F219B97E}.Release|Any CPU.ActiveCfg = Release|Any CPU
		{DCF8F650-4EE2-4C82-8C8F-35A7F219B97E}.Release|Any CPU.Build.0 = Release|Any CPU
		{E84F6E74-3C76-4B3B-B402-991138A872BB}.Debug|Any CPU.ActiveCfg = Debug|Any CPU
		{E84F6E74-3C76-4B3B-B402-991138A872BB}.Debug|Any CPU.Build.0 = Debug|Any CPU
		{E84F6E74-3C76-4B3B-B402-991138A872BB}.Release|Any CPU.ActiveCfg = Release|Any CPU
		{E84F6E74-3C76-4B3B-B402-991138A872BB}.Release|Any CPU.Build.0 = Release|Any CPU
		{46F07F00-3AEA-46CC-8AA0-D50354186CE3}.Debug|Any CPU.ActiveCfg = Debug|Any CPU
		{46F07F00-3AEA-46CC-8AA0-D50354186CE3}.Debug|Any CPU.Build.0 = Debug|Any CPU
		{46F07F00-3AEA-46CC-8AA0-D50354186CE3}.Release|Any CPU.ActiveCfg = Release|Any CPU
		{46F07F00-3AEA-46CC-8AA0-D50354186CE3}.Release|Any CPU.Build.0 = Release|Any CPU
		{CEED7E92-7AC0-4508-9042-E1BC95CA1C6E}.Debug|Any CPU.ActiveCfg = Debug|Any CPU
		{CEED7E92-7AC0-4508-9042-E1BC95CA1C6E}.Debug|Any CPU.Build.0 = Debug|Any CPU
		{CEED7E92-7AC0-4508-9042-E1BC95CA1C6E}.Release|Any CPU.ActiveCfg = Release|Any CPU
		{CEED7E92-7AC0-4508-9042-E1BC95CA1C6E}.Release|Any CPU.Build.0 = Release|Any CPU
		{8DE872B4-EBB5-4672-BDBB-B392F99601E6}.Debug|Any CPU.ActiveCfg = Debug|Any CPU
		{8DE872B4-EBB5-4672-BDBB-B392F99601E6}.Debug|Any CPU.Build.0 = Debug|Any CPU
		{8DE872B4-EBB5-4672-BDBB-B392F99601E6}.Release|Any CPU.ActiveCfg = Release|Any CPU
		{8DE872B4-EBB5-4672-BDBB-B392F99601E6}.Release|Any CPU.Build.0 = Release|Any CPU
		{17ED2733-7775-440E-A8CB-EDDA39992464}.Debug|Any CPU.ActiveCfg = Debug|Any CPU
		{17ED2733-7775-440E-A8CB-EDDA39992464}.Debug|Any CPU.Build.0 = Debug|Any CPU
		{17ED2733-7775-440E-A8CB-EDDA39992464}.Release|Any CPU.ActiveCfg = Release|Any CPU
		{17ED2733-7775-440E-A8CB-EDDA39992464}.Release|Any CPU.Build.0 = Release|Any CPU
		{ADB7B165-4E5C-44C4-A7ED-AD0FDC664E32}.Debug|Any CPU.ActiveCfg = Debug|Any CPU
		{ADB7B165-4E5C-44C4-A7ED-AD0FDC664E32}.Debug|Any CPU.Build.0 = Debug|Any CPU
		{ADB7B165-4E5C-44C4-A7ED-AD0FDC664E32}.Release|Any CPU.ActiveCfg = Release|Any CPU
		{ADB7B165-4E5C-44C4-A7ED-AD0FDC664E32}.Release|Any CPU.Build.0 = Release|Any CPU
		{BC0DE7FC-F319-4A5C-A01A-A8ADC968BF4F}.Debug|Any CPU.ActiveCfg = Debug|Any CPU
		{BC0DE7FC-F319-4A5C-A01A-A8ADC968BF4F}.Debug|Any CPU.Build.0 = Debug|Any CPU
		{BC0DE7FC-F319-4A5C-A01A-A8ADC968BF4F}.Release|Any CPU.ActiveCfg = Release|Any CPU
		{BC0DE7FC-F319-4A5C-A01A-A8ADC968BF4F}.Release|Any CPU.Build.0 = Release|Any CPU
		{FF76C9DA-6B76-4FD9-9F19-CCA144958C00}.Debug|Any CPU.ActiveCfg = Debug|Any CPU
		{FF76C9DA-6B76-4FD9-9F19-CCA144958C00}.Debug|Any CPU.Build.0 = Debug|Any CPU
		{FF76C9DA-6B76-4FD9-9F19-CCA144958C00}.Release|Any CPU.ActiveCfg = Release|Any CPU
		{FF76C9DA-6B76-4FD9-9F19-CCA144958C00}.Release|Any CPU.Build.0 = Release|Any CPU
		{FDA64AD4-C90C-4071-8234-5A3E8D977E1A}.Debug|Any CPU.ActiveCfg = Debug|Any CPU
		{FDA64AD4-C90C-4071-8234-5A3E8D977E1A}.Debug|Any CPU.Build.0 = Debug|Any CPU
		{FDA64AD4-C90C-4071-8234-5A3E8D977E1A}.Release|Any CPU.ActiveCfg = Release|Any CPU
		{FDA64AD4-C90C-4071-8234-5A3E8D977E1A}.Release|Any CPU.Build.0 = Release|Any CPU
		{5E0382D8-960A-40C3-BEFB-17CAFA1612B5}.Debug|Any CPU.ActiveCfg = Debug|Any CPU
		{5E0382D8-960A-40C3-BEFB-17CAFA1612B5}.Debug|Any CPU.Build.0 = Debug|Any CPU
		{5E0382D8-960A-40C3-BEFB-17CAFA1612B5}.Release|Any CPU.ActiveCfg = Release|Any CPU
		{5E0382D8-960A-40C3-BEFB-17CAFA1612B5}.Release|Any CPU.Build.0 = Release|Any CPU
		{5B38AEED-FF24-4DB8-887C-4306BB23B8B5}.Debug|Any CPU.ActiveCfg = Debug|Any CPU
		{5B38AEED-FF24-4DB8-887C-4306BB23B8B5}.Debug|Any CPU.Build.0 = Debug|Any CPU
		{5B38AEED-FF24-4DB8-887C-4306BB23B8B5}.Release|Any CPU.ActiveCfg = Release|Any CPU
		{5B38AEED-FF24-4DB8-887C-4306BB23B8B5}.Release|Any CPU.Build.0 = Release|Any CPU
		{081AC1D3-1B0C-4721-9375-8F92556FB3DB}.Debug|Any CPU.ActiveCfg = Debug|Any CPU
		{081AC1D3-1B0C-4721-9375-8F92556FB3DB}.Debug|Any CPU.Build.0 = Debug|Any CPU
		{081AC1D3-1B0C-4721-9375-8F92556FB3DB}.Release|Any CPU.ActiveCfg = Release|Any CPU
		{081AC1D3-1B0C-4721-9375-8F92556FB3DB}.Release|Any CPU.Build.0 = Release|Any CPU
		{1A2D42EC-8B48-4694-BB92-99FF63545F77}.Debug|Any CPU.ActiveCfg = Debug|Any CPU
		{1A2D42EC-8B48-4694-BB92-99FF63545F77}.Debug|Any CPU.Build.0 = Debug|Any CPU
		{1A2D42EC-8B48-4694-BB92-99FF63545F77}.Release|Any CPU.ActiveCfg = Release|Any CPU
		{1A2D42EC-8B48-4694-BB92-99FF63545F77}.Release|Any CPU.Build.0 = Release|Any CPU
		{EBF237AF-FD70-6356-18F6-0CE3F28D58D1}.Debug|Any CPU.ActiveCfg = Debug|Any CPU
		{EBF237AF-FD70-6356-18F6-0CE3F28D58D1}.Debug|Any CPU.Build.0 = Debug|Any CPU
		{EBF237AF-FD70-6356-18F6-0CE3F28D58D1}.Release|Any CPU.ActiveCfg = Release|Any CPU
		{EBF237AF-FD70-6356-18F6-0CE3F28D58D1}.Release|Any CPU.Build.0 = Release|Any CPU
		{976C4FBA-A1BF-AA12-EC26-68405CF1E0AC}.Debug|Any CPU.ActiveCfg = Debug|Any CPU
		{976C4FBA-A1BF-AA12-EC26-68405CF1E0AC}.Debug|Any CPU.Build.0 = Debug|Any CPU
		{976C4FBA-A1BF-AA12-EC26-68405CF1E0AC}.Release|Any CPU.ActiveCfg = Release|Any CPU
		{976C4FBA-A1BF-AA12-EC26-68405CF1E0AC}.Release|Any CPU.Build.0 = Release|Any CPU
		{40D8C68C-AEE1-64D8-7E8A-3BF909F739F7}.Debug|Any CPU.ActiveCfg = Debug|Any CPU
		{40D8C68C-AEE1-64D8-7E8A-3BF909F739F7}.Debug|Any CPU.Build.0 = Debug|Any CPU
		{40D8C68C-AEE1-64D8-7E8A-3BF909F739F7}.Release|Any CPU.ActiveCfg = Release|Any CPU
		{40D8C68C-AEE1-64D8-7E8A-3BF909F739F7}.Release|Any CPU.Build.0 = Release|Any CPU
		{5637D2F1-833C-58D5-7C61-6E16721A6F79}.Debug|Any CPU.ActiveCfg = Debug|Any CPU
		{5637D2F1-833C-58D5-7C61-6E16721A6F79}.Debug|Any CPU.Build.0 = Debug|Any CPU
		{5637D2F1-833C-58D5-7C61-6E16721A6F79}.Release|Any CPU.ActiveCfg = Release|Any CPU
		{5637D2F1-833C-58D5-7C61-6E16721A6F79}.Release|Any CPU.Build.0 = Release|Any CPU
		{394418E7-5AD4-308F-E25B-74CAC02D0443}.Debug|Any CPU.ActiveCfg = Debug|Any CPU
		{394418E7-5AD4-308F-E25B-74CAC02D0443}.Debug|Any CPU.Build.0 = Debug|Any CPU
		{394418E7-5AD4-308F-E25B-74CAC02D0443}.Release|Any CPU.ActiveCfg = Release|Any CPU
		{394418E7-5AD4-308F-E25B-74CAC02D0443}.Release|Any CPU.Build.0 = Release|Any CPU
		{8569AAF1-93F6-43B8-9991-9F295D2ADAC1}.Debug|Any CPU.ActiveCfg = Debug|Any CPU
		{8569AAF1-93F6-43B8-9991-9F295D2ADAC1}.Debug|Any CPU.Build.0 = Debug|Any CPU
		{8569AAF1-93F6-43B8-9991-9F295D2ADAC1}.Release|Any CPU.ActiveCfg = Release|Any CPU
		{8569AAF1-93F6-43B8-9991-9F295D2ADAC1}.Release|Any CPU.Build.0 = Release|Any CPU
		{218410EE-C349-4E1C-85AD-04DDBFF5C84B}.Debug|Any CPU.ActiveCfg = Debug|Any CPU
		{218410EE-C349-4E1C-85AD-04DDBFF5C84B}.Debug|Any CPU.Build.0 = Debug|Any CPU
		{218410EE-C349-4E1C-85AD-04DDBFF5C84B}.Release|Any CPU.ActiveCfg = Release|Any CPU
		{218410EE-C349-4E1C-85AD-04DDBFF5C84B}.Release|Any CPU.Build.0 = Release|Any CPU
		{386B3AF2-8674-4C3A-9B08-8261CF2B659A}.Debug|Any CPU.ActiveCfg = Debug|Any CPU
		{386B3AF2-8674-4C3A-9B08-8261CF2B659A}.Debug|Any CPU.Build.0 = Debug|Any CPU
		{386B3AF2-8674-4C3A-9B08-8261CF2B659A}.Release|Any CPU.ActiveCfg = Release|Any CPU
		{386B3AF2-8674-4C3A-9B08-8261CF2B659A}.Release|Any CPU.Build.0 = Release|Any CPU
		{5BE7CB5F-CBCC-43DA-A008-BE339BD28B6D}.Debug|Any CPU.ActiveCfg = Debug|Any CPU
		{5BE7CB5F-CBCC-43DA-A008-BE339BD28B6D}.Debug|Any CPU.Build.0 = Debug|Any CPU
		{5BE7CB5F-CBCC-43DA-A008-BE339BD28B6D}.Release|Any CPU.ActiveCfg = Release|Any CPU
		{5BE7CB5F-CBCC-43DA-A008-BE339BD28B6D}.Release|Any CPU.Build.0 = Release|Any CPU
		{05A93511-077C-4EE1-84E6-F26420AE6A86}.Debug|Any CPU.ActiveCfg = Debug|Any CPU
		{05A93511-077C-4EE1-84E6-F26420AE6A86}.Debug|Any CPU.Build.0 = Debug|Any CPU
		{05A93511-077C-4EE1-84E6-F26420AE6A86}.Release|Any CPU.ActiveCfg = Release|Any CPU
		{05A93511-077C-4EE1-84E6-F26420AE6A86}.Release|Any CPU.Build.0 = Release|Any CPU
		{B20F5587-9BD7-4ABD-8282-0A8213B389D0}.Debug|Any CPU.ActiveCfg = Debug|Any CPU
		{B20F5587-9BD7-4ABD-8282-0A8213B389D0}.Debug|Any CPU.Build.0 = Debug|Any CPU
		{B20F5587-9BD7-4ABD-8282-0A8213B389D0}.Release|Any CPU.ActiveCfg = Release|Any CPU
		{B20F5587-9BD7-4ABD-8282-0A8213B389D0}.Release|Any CPU.Build.0 = Release|Any CPU
		{0F96BD83-621C-432C-8CE1-CDF6CD7B9E0E}.Debug|Any CPU.ActiveCfg = Debug|Any CPU
		{0F96BD83-621C-432C-8CE1-CDF6CD7B9E0E}.Debug|Any CPU.Build.0 = Debug|Any CPU
		{0F96BD83-621C-432C-8CE1-CDF6CD7B9E0E}.Release|Any CPU.ActiveCfg = Release|Any CPU
		{0F96BD83-621C-432C-8CE1-CDF6CD7B9E0E}.Release|Any CPU.Build.0 = Release|Any CPU
		{1488259F-BA28-4905-BACA-02E47DC31739}.Debug|Any CPU.ActiveCfg = Debug|Any CPU
		{1488259F-BA28-4905-BACA-02E47DC31739}.Debug|Any CPU.Build.0 = Debug|Any CPU
		{1488259F-BA28-4905-BACA-02E47DC31739}.Release|Any CPU.ActiveCfg = Release|Any CPU
		{1488259F-BA28-4905-BACA-02E47DC31739}.Release|Any CPU.Build.0 = Release|Any CPU
		{11A02CC5-2771-4FD4-86D2-7DCE5659698D}.Debug|Any CPU.ActiveCfg = Debug|Any CPU
		{11A02CC5-2771-4FD4-86D2-7DCE5659698D}.Debug|Any CPU.Build.0 = Debug|Any CPU
		{11A02CC5-2771-4FD4-86D2-7DCE5659698D}.Release|Any CPU.ActiveCfg = Release|Any CPU
		{11A02CC5-2771-4FD4-86D2-7DCE5659698D}.Release|Any CPU.Build.0 = Release|Any CPU
		{C161FB3F-76CF-4255-B266-7FC563451740}.Debug|Any CPU.ActiveCfg = Debug|Any CPU
		{C161FB3F-76CF-4255-B266-7FC563451740}.Debug|Any CPU.Build.0 = Debug|Any CPU
		{C161FB3F-76CF-4255-B266-7FC563451740}.Release|Any CPU.ActiveCfg = Release|Any CPU
		{C161FB3F-76CF-4255-B266-7FC563451740}.Release|Any CPU.Build.0 = Release|Any CPU
		{C3BB5CCD-0DA5-42F6-A7E2-0044395C434C}.Debug|Any CPU.ActiveCfg = Debug|Any CPU
		{C3BB5CCD-0DA5-42F6-A7E2-0044395C434C}.Debug|Any CPU.Build.0 = Debug|Any CPU
		{C3BB5CCD-0DA5-42F6-A7E2-0044395C434C}.Release|Any CPU.ActiveCfg = Release|Any CPU
		{C3BB5CCD-0DA5-42F6-A7E2-0044395C434C}.Release|Any CPU.Build.0 = Release|Any CPU
		{D5701555-EDC2-44A6-A567-BB56AFA352A5}.Debug|Any CPU.ActiveCfg = Debug|Any CPU
		{D5701555-EDC2-44A6-A567-BB56AFA352A5}.Debug|Any CPU.Build.0 = Debug|Any CPU
		{D5701555-EDC2-44A6-A567-BB56AFA352A5}.Release|Any CPU.ActiveCfg = Release|Any CPU
		{D5701555-EDC2-44A6-A567-BB56AFA352A5}.Release|Any CPU.Build.0 = Release|Any CPU
		{7B151E69-270C-A015-7121-443D4248F431}.Debug|Any CPU.ActiveCfg = Debug|Any CPU
		{7B151E69-270C-A015-7121-443D4248F431}.Debug|Any CPU.Build.0 = Debug|Any CPU
		{7B151E69-270C-A015-7121-443D4248F431}.Release|Any CPU.ActiveCfg = Release|Any CPU
		{7B151E69-270C-A015-7121-443D4248F431}.Release|Any CPU.Build.0 = Release|Any CPU
		{C81ACC94-5707-E8FC-7AF8-5C3957DAE04B}.Debug|Any CPU.ActiveCfg = Debug|Any CPU
		{C81ACC94-5707-E8FC-7AF8-5C3957DAE04B}.Debug|Any CPU.Build.0 = Debug|Any CPU
		{C81ACC94-5707-E8FC-7AF8-5C3957DAE04B}.Release|Any CPU.ActiveCfg = Release|Any CPU
		{C81ACC94-5707-E8FC-7AF8-5C3957DAE04B}.Release|Any CPU.Build.0 = Release|Any CPU
		{D4B5EADA-0FB5-C84D-C5EC-FEA977F51334}.Debug|Any CPU.ActiveCfg = Debug|Any CPU
		{D4B5EADA-0FB5-C84D-C5EC-FEA977F51334}.Debug|Any CPU.Build.0 = Debug|Any CPU
		{D4B5EADA-0FB5-C84D-C5EC-FEA977F51334}.Release|Any CPU.ActiveCfg = Release|Any CPU
		{D4B5EADA-0FB5-C84D-C5EC-FEA977F51334}.Release|Any CPU.Build.0 = Release|Any CPU
		{30115525-2031-C881-74FF-3BDA4697C7BC}.Debug|Any CPU.ActiveCfg = Debug|Any CPU
		{30115525-2031-C881-74FF-3BDA4697C7BC}.Debug|Any CPU.Build.0 = Debug|Any CPU
		{30115525-2031-C881-74FF-3BDA4697C7BC}.Release|Any CPU.ActiveCfg = Release|Any CPU
		{30115525-2031-C881-74FF-3BDA4697C7BC}.Release|Any CPU.Build.0 = Release|Any CPU
		{4BBB5533-A2D8-DA3C-F31F-A6D8F3F7296F}.Debug|Any CPU.ActiveCfg = Debug|Any CPU
		{4BBB5533-A2D8-DA3C-F31F-A6D8F3F7296F}.Debug|Any CPU.Build.0 = Debug|Any CPU
		{4BBB5533-A2D8-DA3C-F31F-A6D8F3F7296F}.Release|Any CPU.ActiveCfg = Release|Any CPU
		{4BBB5533-A2D8-DA3C-F31F-A6D8F3F7296F}.Release|Any CPU.Build.0 = Release|Any CPU
		{55AC2B5F-4F95-49DA-88C3-D887445EF80A}.Debug|Any CPU.ActiveCfg = Debug|Any CPU
		{55AC2B5F-4F95-49DA-88C3-D887445EF80A}.Debug|Any CPU.Build.0 = Debug|Any CPU
		{55AC2B5F-4F95-49DA-88C3-D887445EF80A}.Release|Any CPU.ActiveCfg = Release|Any CPU
		{55AC2B5F-4F95-49DA-88C3-D887445EF80A}.Release|Any CPU.Build.0 = Release|Any CPU
		{5F9E348C-63B4-4DD4-A61E-323AE174EF46}.Debug|Any CPU.ActiveCfg = Debug|Any CPU
		{5F9E348C-63B4-4DD4-A61E-323AE174EF46}.Debug|Any CPU.Build.0 = Debug|Any CPU
		{5F9E348C-63B4-4DD4-A61E-323AE174EF46}.Release|Any CPU.ActiveCfg = Release|Any CPU
		{5F9E348C-63B4-4DD4-A61E-323AE174EF46}.Release|Any CPU.Build.0 = Release|Any CPU
		{92C01F7F-EA8C-4E37-8F60-CA37421245C7}.Debug|Any CPU.ActiveCfg = Debug|Any CPU
		{92C01F7F-EA8C-4E37-8F60-CA37421245C7}.Debug|Any CPU.Build.0 = Debug|Any CPU
		{92C01F7F-EA8C-4E37-8F60-CA37421245C7}.Release|Any CPU.ActiveCfg = Release|Any CPU
		{92C01F7F-EA8C-4E37-8F60-CA37421245C7}.Release|Any CPU.Build.0 = Release|Any CPU
		{36314FA6-5B7A-4B88-A6E7-0BABE8A776FF}.Debug|Any CPU.ActiveCfg = Debug|Any CPU
		{36314FA6-5B7A-4B88-A6E7-0BABE8A776FF}.Debug|Any CPU.Build.0 = Debug|Any CPU
		{36314FA6-5B7A-4B88-A6E7-0BABE8A776FF}.Release|Any CPU.ActiveCfg = Release|Any CPU
		{36314FA6-5B7A-4B88-A6E7-0BABE8A776FF}.Release|Any CPU.Build.0 = Release|Any CPU
		{369E9BDB-3083-4C7C-954D-A019CA582C91}.Debug|Any CPU.ActiveCfg = Debug|Any CPU
		{369E9BDB-3083-4C7C-954D-A019CA582C91}.Debug|Any CPU.Build.0 = Debug|Any CPU
		{369E9BDB-3083-4C7C-954D-A019CA582C91}.Release|Any CPU.ActiveCfg = Release|Any CPU
		{369E9BDB-3083-4C7C-954D-A019CA582C91}.Release|Any CPU.Build.0 = Release|Any CPU
		{CC26E80C-DF2B-484E-97D9-AFFC90DD534F}.Debug|Any CPU.ActiveCfg = Debug|Any CPU
		{CC26E80C-DF2B-484E-97D9-AFFC90DD534F}.Debug|Any CPU.Build.0 = Debug|Any CPU
		{CC26E80C-DF2B-484E-97D9-AFFC90DD534F}.Release|Any CPU.ActiveCfg = Release|Any CPU
		{CC26E80C-DF2B-484E-97D9-AFFC90DD534F}.Release|Any CPU.Build.0 = Release|Any CPU
		{F89A2BD9-0564-4AA0-BCDD-86EE397D86B9}.Debug|Any CPU.ActiveCfg = Debug|Any CPU
		{F89A2BD9-0564-4AA0-BCDD-86EE397D86B9}.Debug|Any CPU.Build.0 = Debug|Any CPU
		{F89A2BD9-0564-4AA0-BCDD-86EE397D86B9}.Release|Any CPU.ActiveCfg = Release|Any CPU
		{F89A2BD9-0564-4AA0-BCDD-86EE397D86B9}.Release|Any CPU.Build.0 = Release|Any CPU
		{0FF10C47-F2A2-480B-BEE6-59E24AFCCF31}.Debug|Any CPU.ActiveCfg = Debug|Any CPU
		{0FF10C47-F2A2-480B-BEE6-59E24AFCCF31}.Debug|Any CPU.Build.0 = Debug|Any CPU
		{0FF10C47-F2A2-480B-BEE6-59E24AFCCF31}.Release|Any CPU.ActiveCfg = Release|Any CPU
		{0FF10C47-F2A2-480B-BEE6-59E24AFCCF31}.Release|Any CPU.Build.0 = Release|Any CPU
		{7ABEE8A6-23F9-4768-9012-4A3E3B5C71CE}.Debug|Any CPU.ActiveCfg = Debug|Any CPU
		{7ABEE8A6-23F9-4768-9012-4A3E3B5C71CE}.Debug|Any CPU.Build.0 = Debug|Any CPU
		{7ABEE8A6-23F9-4768-9012-4A3E3B5C71CE}.Release|Any CPU.ActiveCfg = Release|Any CPU
		{7ABEE8A6-23F9-4768-9012-4A3E3B5C71CE}.Release|Any CPU.Build.0 = Release|Any CPU
		{C6885573-FE0D-444E-905F-6C61C627B448}.Debug|Any CPU.ActiveCfg = Debug|Any CPU
		{C6885573-FE0D-444E-905F-6C61C627B448}.Debug|Any CPU.Build.0 = Debug|Any CPU
		{C6885573-FE0D-444E-905F-6C61C627B448}.Release|Any CPU.ActiveCfg = Release|Any CPU
		{C6885573-FE0D-444E-905F-6C61C627B448}.Release|Any CPU.Build.0 = Release|Any CPU
		{A0FE7301-0D59-4C65-AF21-F65DF6375172}.Debug|Any CPU.ActiveCfg = Debug|Any CPU
		{A0FE7301-0D59-4C65-AF21-F65DF6375172}.Debug|Any CPU.Build.0 = Debug|Any CPU
		{A0FE7301-0D59-4C65-AF21-F65DF6375172}.Release|Any CPU.ActiveCfg = Release|Any CPU
		{A0FE7301-0D59-4C65-AF21-F65DF6375172}.Release|Any CPU.Build.0 = Release|Any CPU
		{9AE9CCCE-3297-4DBE-9E28-C06E807884EA}.Debug|Any CPU.ActiveCfg = Debug|Any CPU
		{9AE9CCCE-3297-4DBE-9E28-C06E807884EA}.Debug|Any CPU.Build.0 = Debug|Any CPU
		{9AE9CCCE-3297-4DBE-9E28-C06E807884EA}.Release|Any CPU.ActiveCfg = Release|Any CPU
		{9AE9CCCE-3297-4DBE-9E28-C06E807884EA}.Release|Any CPU.Build.0 = Release|Any CPU
		{32FC2F8D-017B-4B1C-8728-193E60CA995A}.Debug|Any CPU.ActiveCfg = Debug|Any CPU
		{32FC2F8D-017B-4B1C-8728-193E60CA995A}.Debug|Any CPU.Build.0 = Debug|Any CPU
		{32FC2F8D-017B-4B1C-8728-193E60CA995A}.Release|Any CPU.ActiveCfg = Release|Any CPU
		{32FC2F8D-017B-4B1C-8728-193E60CA995A}.Release|Any CPU.Build.0 = Release|Any CPU
		{EF200AD3-05C3-4D75-BDE7-E193B90E4213}.Debug|Any CPU.ActiveCfg = Debug|Any CPU
		{EF200AD3-05C3-4D75-BDE7-E193B90E4213}.Debug|Any CPU.Build.0 = Debug|Any CPU
		{EF200AD3-05C3-4D75-BDE7-E193B90E4213}.Release|Any CPU.ActiveCfg = Release|Any CPU
		{EF200AD3-05C3-4D75-BDE7-E193B90E4213}.Release|Any CPU.Build.0 = Release|Any CPU
		{1136597D-4719-4218-80FC-617DD5AEDB9F}.Debug|Any CPU.ActiveCfg = Debug|Any CPU
		{1136597D-4719-4218-80FC-617DD5AEDB9F}.Debug|Any CPU.Build.0 = Debug|Any CPU
		{1136597D-4719-4218-80FC-617DD5AEDB9F}.Release|Any CPU.ActiveCfg = Release|Any CPU
		{1136597D-4719-4218-80FC-617DD5AEDB9F}.Release|Any CPU.Build.0 = Release|Any CPU
		{1DCE80F1-51E4-4C8B-8827-89AFA62174EA}.Debug|Any CPU.ActiveCfg = Debug|Any CPU
		{1DCE80F1-51E4-4C8B-8827-89AFA62174EA}.Debug|Any CPU.Build.0 = Debug|Any CPU
		{1DCE80F1-51E4-4C8B-8827-89AFA62174EA}.Release|Any CPU.ActiveCfg = Release|Any CPU
		{1DCE80F1-51E4-4C8B-8827-89AFA62174EA}.Release|Any CPU.Build.0 = Release|Any CPU
		{359B2452-75F8-4D7C-AC6F-A8D4ECBE325C}.Debug|Any CPU.ActiveCfg = Debug|Any CPU
		{359B2452-75F8-4D7C-AC6F-A8D4ECBE325C}.Debug|Any CPU.Build.0 = Debug|Any CPU
		{359B2452-75F8-4D7C-AC6F-A8D4ECBE325C}.Release|Any CPU.ActiveCfg = Release|Any CPU
		{359B2452-75F8-4D7C-AC6F-A8D4ECBE325C}.Release|Any CPU.Build.0 = Release|Any CPU
		{28AF3FC5-F0DB-4B08-A3DF-2652B6846A09}.Debug|Any CPU.ActiveCfg = Debug|Any CPU
		{28AF3FC5-F0DB-4B08-A3DF-2652B6846A09}.Debug|Any CPU.Build.0 = Debug|Any CPU
		{28AF3FC5-F0DB-4B08-A3DF-2652B6846A09}.Release|Any CPU.ActiveCfg = Release|Any CPU
		{28AF3FC5-F0DB-4B08-A3DF-2652B6846A09}.Release|Any CPU.Build.0 = Release|Any CPU
		{D8E80D1E-4378-4BDB-B8ED-344E6EBB540F}.Debug|Any CPU.ActiveCfg = Debug|Any CPU
		{D8E80D1E-4378-4BDB-B8ED-344E6EBB540F}.Debug|Any CPU.Build.0 = Debug|Any CPU
		{D8E80D1E-4378-4BDB-B8ED-344E6EBB540F}.Release|Any CPU.ActiveCfg = Release|Any CPU
		{D8E80D1E-4378-4BDB-B8ED-344E6EBB540F}.Release|Any CPU.Build.0 = Release|Any CPU
		{12D3E8EA-704A-4C73-B479-C33EE576D23C}.Debug|Any CPU.ActiveCfg = Debug|Any CPU
		{12D3E8EA-704A-4C73-B479-C33EE576D23C}.Debug|Any CPU.Build.0 = Debug|Any CPU
		{12D3E8EA-704A-4C73-B479-C33EE576D23C}.Release|Any CPU.ActiveCfg = Release|Any CPU
		{12D3E8EA-704A-4C73-B479-C33EE576D23C}.Release|Any CPU.Build.0 = Release|Any CPU
		{7FA202D4-6F38-4795-81CA-80593A0D9242}.Debug|Any CPU.ActiveCfg = Debug|Any CPU
		{7FA202D4-6F38-4795-81CA-80593A0D9242}.Debug|Any CPU.Build.0 = Debug|Any CPU
		{7FA202D4-6F38-4795-81CA-80593A0D9242}.Release|Any CPU.ActiveCfg = Release|Any CPU
		{7FA202D4-6F38-4795-81CA-80593A0D9242}.Release|Any CPU.Build.0 = Release|Any CPU
		{17858BA7-8491-4AA1-9AF4-E4F5CA69535C}.Debug|Any CPU.ActiveCfg = Debug|Any CPU
		{17858BA7-8491-4AA1-9AF4-E4F5CA69535C}.Debug|Any CPU.Build.0 = Debug|Any CPU
		{17858BA7-8491-4AA1-9AF4-E4F5CA69535C}.Release|Any CPU.ActiveCfg = Release|Any CPU
		{17858BA7-8491-4AA1-9AF4-E4F5CA69535C}.Release|Any CPU.Build.0 = Release|Any CPU
		{A257044A-E53E-459E-A4E4-D3A793374C30}.Debug|Any CPU.ActiveCfg = Debug|Any CPU
		{A257044A-E53E-459E-A4E4-D3A793374C30}.Debug|Any CPU.Build.0 = Debug|Any CPU
		{A257044A-E53E-459E-A4E4-D3A793374C30}.Release|Any CPU.ActiveCfg = Release|Any CPU
		{A257044A-E53E-459E-A4E4-D3A793374C30}.Release|Any CPU.Build.0 = Release|Any CPU
		{1B0788DC-3A5D-4D33-BEC5-97E39A449B30}.Debug|Any CPU.ActiveCfg = Debug|Any CPU
		{1B0788DC-3A5D-4D33-BEC5-97E39A449B30}.Debug|Any CPU.Build.0 = Debug|Any CPU
		{1B0788DC-3A5D-4D33-BEC5-97E39A449B30}.Release|Any CPU.ActiveCfg = Release|Any CPU
		{1B0788DC-3A5D-4D33-BEC5-97E39A449B30}.Release|Any CPU.Build.0 = Release|Any CPU
		{81DDED9D-158B-E303-5F62-77A2896D2A5A}.Debug|Any CPU.ActiveCfg = Debug|Any CPU
		{81DDED9D-158B-E303-5F62-77A2896D2A5A}.Debug|Any CPU.Build.0 = Debug|Any CPU
		{81DDED9D-158B-E303-5F62-77A2896D2A5A}.Release|Any CPU.ActiveCfg = Release|Any CPU
		{81DDED9D-158B-E303-5F62-77A2896D2A5A}.Release|Any CPU.Build.0 = Release|Any CPU
		{CA7EF548-A361-40C3-A29E-1446EDAE0101}.Debug|Any CPU.ActiveCfg = Debug|Any CPU
		{CA7EF548-A361-40C3-A29E-1446EDAE0101}.Debug|Any CPU.Build.0 = Debug|Any CPU
		{CA7EF548-A361-40C3-A29E-1446EDAE0101}.Release|Any CPU.ActiveCfg = Release|Any CPU
		{CA7EF548-A361-40C3-A29E-1446EDAE0101}.Release|Any CPU.Build.0 = Release|Any CPU
		{44CEDCD1-09A3-45D7-8286-F63FAC00B472}.Debug|Any CPU.ActiveCfg = Debug|Any CPU
		{44CEDCD1-09A3-45D7-8286-F63FAC00B472}.Debug|Any CPU.Build.0 = Debug|Any CPU
		{44CEDCD1-09A3-45D7-8286-F63FAC00B472}.Release|Any CPU.ActiveCfg = Release|Any CPU
		{44CEDCD1-09A3-45D7-8286-F63FAC00B472}.Release|Any CPU.Build.0 = Release|Any CPU
		{A132C167-D89E-4D00-B67A-C3D93B9CF3D9}.Debug|Any CPU.ActiveCfg = Debug|Any CPU
		{A132C167-D89E-4D00-B67A-C3D93B9CF3D9}.Debug|Any CPU.Build.0 = Debug|Any CPU
		{A132C167-D89E-4D00-B67A-C3D93B9CF3D9}.Release|Any CPU.ActiveCfg = Release|Any CPU
		{A132C167-D89E-4D00-B67A-C3D93B9CF3D9}.Release|Any CPU.Build.0 = Release|Any CPU
		{2CFB7263-6EFA-D3A4-4DC1-10FF0D29533A}.Debug|Any CPU.ActiveCfg = Debug|Any CPU
		{2CFB7263-6EFA-D3A4-4DC1-10FF0D29533A}.Debug|Any CPU.Build.0 = Debug|Any CPU
		{2CFB7263-6EFA-D3A4-4DC1-10FF0D29533A}.Release|Any CPU.ActiveCfg = Release|Any CPU
		{2CFB7263-6EFA-D3A4-4DC1-10FF0D29533A}.Release|Any CPU.Build.0 = Release|Any CPU
		{43F22F19-37CC-43DD-A572-F93C8DCA59AC}.Debug|Any CPU.ActiveCfg = Debug|Any CPU
		{43F22F19-37CC-43DD-A572-F93C8DCA59AC}.Debug|Any CPU.Build.0 = Debug|Any CPU
		{43F22F19-37CC-43DD-A572-F93C8DCA59AC}.Release|Any CPU.ActiveCfg = Release|Any CPU
		{43F22F19-37CC-43DD-A572-F93C8DCA59AC}.Release|Any CPU.Build.0 = Release|Any CPU
		{8A54E20A-0488-448D-AD32-031EA9B8E82D}.Debug|Any CPU.ActiveCfg = Debug|Any CPU
		{8A54E20A-0488-448D-AD32-031EA9B8E82D}.Debug|Any CPU.Build.0 = Debug|Any CPU
		{8A54E20A-0488-448D-AD32-031EA9B8E82D}.Release|Any CPU.ActiveCfg = Release|Any CPU
		{8A54E20A-0488-448D-AD32-031EA9B8E82D}.Release|Any CPU.Build.0 = Release|Any CPU
		{F99DB21A-8063-4EA6-B4B4-18743E14BF8D}.Debug|Any CPU.ActiveCfg = Debug|Any CPU
		{F99DB21A-8063-4EA6-B4B4-18743E14BF8D}.Debug|Any CPU.Build.0 = Debug|Any CPU
		{F99DB21A-8063-4EA6-B4B4-18743E14BF8D}.Release|Any CPU.ActiveCfg = Release|Any CPU
		{F99DB21A-8063-4EA6-B4B4-18743E14BF8D}.Release|Any CPU.Build.0 = Release|Any CPU
		{469E61B6-3C33-4DCE-88DF-D14D2EE595DB}.Debug|Any CPU.ActiveCfg = Debug|Any CPU
		{469E61B6-3C33-4DCE-88DF-D14D2EE595DB}.Debug|Any CPU.Build.0 = Debug|Any CPU
		{469E61B6-3C33-4DCE-88DF-D14D2EE595DB}.Release|Any CPU.ActiveCfg = Release|Any CPU
		{469E61B6-3C33-4DCE-88DF-D14D2EE595DB}.Release|Any CPU.Build.0 = Release|Any CPU
		{507813C4-4C38-4031-8226-AA7F9F831160}.Debug|Any CPU.ActiveCfg = Debug|Any CPU
		{507813C4-4C38-4031-8226-AA7F9F831160}.Debug|Any CPU.Build.0 = Debug|Any CPU
		{507813C4-4C38-4031-8226-AA7F9F831160}.Release|Any CPU.ActiveCfg = Release|Any CPU
		{507813C4-4C38-4031-8226-AA7F9F831160}.Release|Any CPU.Build.0 = Release|Any CPU
		{B1F148A9-5127-455B-A926-BCF78AF1555A}.Debug|Any CPU.ActiveCfg = Debug|Any CPU
		{B1F148A9-5127-455B-A926-BCF78AF1555A}.Debug|Any CPU.Build.0 = Debug|Any CPU
		{B1F148A9-5127-455B-A926-BCF78AF1555A}.Release|Any CPU.ActiveCfg = Release|Any CPU
		{B1F148A9-5127-455B-A926-BCF78AF1555A}.Release|Any CPU.Build.0 = Release|Any CPU
		{2165AE51-4843-499D-BB12-B8BF1D9B8672}.Debug|Any CPU.ActiveCfg = Debug|Any CPU
		{2165AE51-4843-499D-BB12-B8BF1D9B8672}.Debug|Any CPU.Build.0 = Debug|Any CPU
		{2165AE51-4843-499D-BB12-B8BF1D9B8672}.Release|Any CPU.ActiveCfg = Release|Any CPU
		{2165AE51-4843-499D-BB12-B8BF1D9B8672}.Release|Any CPU.Build.0 = Release|Any CPU
		{22AFEF1E-7EAD-4EE7-9E23-60417214DC56}.Debug|Any CPU.ActiveCfg = Debug|Any CPU
		{22AFEF1E-7EAD-4EE7-9E23-60417214DC56}.Debug|Any CPU.Build.0 = Debug|Any CPU
		{22AFEF1E-7EAD-4EE7-9E23-60417214DC56}.Release|Any CPU.ActiveCfg = Release|Any CPU
		{22AFEF1E-7EAD-4EE7-9E23-60417214DC56}.Release|Any CPU.Build.0 = Release|Any CPU
		{3A68594A-47AD-4C33-93CD-4DC6FA76A72E}.Debug|Any CPU.ActiveCfg = Debug|Any CPU
		{3A68594A-47AD-4C33-93CD-4DC6FA76A72E}.Debug|Any CPU.Build.0 = Debug|Any CPU
		{3A68594A-47AD-4C33-93CD-4DC6FA76A72E}.Release|Any CPU.ActiveCfg = Release|Any CPU
		{3A68594A-47AD-4C33-93CD-4DC6FA76A72E}.Release|Any CPU.Build.0 = Release|Any CPU
		{15A33213-041F-431C-A924-39B3D6F1D181}.Debug|Any CPU.ActiveCfg = Debug|Any CPU
		{15A33213-041F-431C-A924-39B3D6F1D181}.Debug|Any CPU.Build.0 = Debug|Any CPU
		{15A33213-041F-431C-A924-39B3D6F1D181}.Release|Any CPU.ActiveCfg = Release|Any CPU
		{15A33213-041F-431C-A924-39B3D6F1D181}.Release|Any CPU.Build.0 = Release|Any CPU
		{C45DBE41-87EB-49F5-94C5-CB16B943E73F}.Debug|Any CPU.ActiveCfg = Debug|Any CPU
		{C45DBE41-87EB-49F5-94C5-CB16B943E73F}.Debug|Any CPU.Build.0 = Debug|Any CPU
		{C45DBE41-87EB-49F5-94C5-CB16B943E73F}.Release|Any CPU.ActiveCfg = Release|Any CPU
		{C45DBE41-87EB-49F5-94C5-CB16B943E73F}.Release|Any CPU.Build.0 = Release|Any CPU
	EndGlobalSection
	GlobalSection(SolutionProperties) = preSolution
		HideSolutionNode = FALSE
	EndGlobalSection
	GlobalSection(NestedProjects) = preSolution
		{1C4DC52F-2E87-4963-9120-341B27044457} = {44190F96-4EED-4AE7-92FC-1255F0D865D9}
		{11FBB01B-A047-46A0-8898-33A017AF2ACF} = {24BD65DC-3850-4E13-ABB9-8B7512D78EB0}
		{C96A83F8-C623-4C0A-B011-390AB0200EA6} = {24BD65DC-3850-4E13-ABB9-8B7512D78EB0}
		{8D85B18F-343B-4BB0-972A-FCE5132E51AC} = {24BD65DC-3850-4E13-ABB9-8B7512D78EB0}
		{65456B3D-2960-4123-8F59-A6CE6A311171} = {8D6970E2-E9BD-4CDA-A76B-CDD9FFD1445A}
		{F394770F-3003-4C74-824E-474409CD7711} = {8D6970E2-E9BD-4CDA-A76B-CDD9FFD1445A}
		{BF53302B-9B9E-46F0-9381-530CA4619E2C} = {8D6970E2-E9BD-4CDA-A76B-CDD9FFD1445A}
		{5354519D-61BD-44AF-BFC2-B23D37AE0B8E} = {317B9BC1-5A99-4BBB-A345-9D0F75FF09B5}
		{C96581E0-2F16-4C54-B774-6F5AEB3B6587} = {317B9BC1-5A99-4BBB-A345-9D0F75FF09B5}
		{2CC93436-09DE-4BF4-B24B-E3B5F7FA2148} = {317B9BC1-5A99-4BBB-A345-9D0F75FF09B5}
		{DCF8F650-4EE2-4C82-8C8F-35A7F219B97E} = {B5B62DEB-6E6E-4848-8DDC-B4B4272558D2}
		{E84F6E74-3C76-4B3B-B402-991138A872BB} = {B5B62DEB-6E6E-4848-8DDC-B4B4272558D2}
		{46F07F00-3AEA-46CC-8AA0-D50354186CE3} = {B5B62DEB-6E6E-4848-8DDC-B4B4272558D2}
		{CEED7E92-7AC0-4508-9042-E1BC95CA1C6E} = {B67C5389-9E61-4BB4-9D8A-70BB277BD165}
		{8DE872B4-EBB5-4672-BDBB-B392F99601E6} = {B67C5389-9E61-4BB4-9D8A-70BB277BD165}
		{17ED2733-7775-440E-A8CB-EDDA39992464} = {B67C5389-9E61-4BB4-9D8A-70BB277BD165}
		{ADB7B165-4E5C-44C4-A7ED-AD0FDC664E32} = {B67C5389-9E61-4BB4-9D8A-70BB277BD165}
		{BC0DE7FC-F319-4A5C-A01A-A8ADC968BF4F} = {B67C5389-9E61-4BB4-9D8A-70BB277BD165}
		{FF76C9DA-6B76-4FD9-9F19-CCA144958C00} = {18C0A591-1D3E-4F9C-8450-C6EDE4773A86}
		{FDA64AD4-C90C-4071-8234-5A3E8D977E1A} = {357E5491-C20A-45D9-AC0B-7B28F0664565}
		{5E0382D8-960A-40C3-BEFB-17CAFA1612B5} = {357E5491-C20A-45D9-AC0B-7B28F0664565}
		{5B38AEED-FF24-4DB8-887C-4306BB23B8B5} = {357E5491-C20A-45D9-AC0B-7B28F0664565}
		{081AC1D3-1B0C-4721-9375-8F92556FB3DB} = {357E5491-C20A-45D9-AC0B-7B28F0664565}
		{1A2D42EC-8B48-4694-BB92-99FF63545F77} = {357E5491-C20A-45D9-AC0B-7B28F0664565}
		{F7E75CF8-F4C5-43B2-BF06-BF767CC140B8} = {02EA681E-C7D8-13C7-8484-4AC65E1B71E8}
		{EBF237AF-FD70-6356-18F6-0CE3F28D58D1} = {F7E75CF8-F4C5-43B2-BF06-BF767CC140B8}
		{976C4FBA-A1BF-AA12-EC26-68405CF1E0AC} = {F7E75CF8-F4C5-43B2-BF06-BF767CC140B8}
		{40D8C68C-AEE1-64D8-7E8A-3BF909F739F7} = {F7E75CF8-F4C5-43B2-BF06-BF767CC140B8}
		{5637D2F1-833C-58D5-7C61-6E16721A6F79} = {F7E75CF8-F4C5-43B2-BF06-BF767CC140B8}
		{394418E7-5AD4-308F-E25B-74CAC02D0443} = {F7E75CF8-F4C5-43B2-BF06-BF767CC140B8}
		{F460F2AC-8E17-4DD4-B49C-D688218DC0AA} = {02EA681E-C7D8-13C7-8484-4AC65E1B71E8}
		{8569AAF1-93F6-43B8-9991-9F295D2ADAC1} = {F460F2AC-8E17-4DD4-B49C-D688218DC0AA}
		{218410EE-C349-4E1C-85AD-04DDBFF5C84B} = {00AFA2ED-29DC-437D-81BD-387D919AE04A}
		{386B3AF2-8674-4C3A-9B08-8261CF2B659A} = {B5B62DEB-6E6E-4848-8DDC-B4B4272558D2}
		{5BE7CB5F-CBCC-43DA-A008-BE339BD28B6D} = {24BD65DC-3850-4E13-ABB9-8B7512D78EB0}
		{05A93511-077C-4EE1-84E6-F26420AE6A86} = {8D6970E2-E9BD-4CDA-A76B-CDD9FFD1445A}
		{B20F5587-9BD7-4ABD-8282-0A8213B389D0} = {6A49C928-13A2-4A8B-B655-A600975734E0}
		{0F96BD83-621C-432C-8CE1-CDF6CD7B9E0E} = {6A49C928-13A2-4A8B-B655-A600975734E0}
		{1488259F-BA28-4905-BACA-02E47DC31739} = {6A49C928-13A2-4A8B-B655-A600975734E0}
		{11A02CC5-2771-4FD4-86D2-7DCE5659698D} = {6A49C928-13A2-4A8B-B655-A600975734E0}
		{C161FB3F-76CF-4255-B266-7FC563451740} = {6A49C928-13A2-4A8B-B655-A600975734E0}
		{1EE65D78-6B55-460E-B0D0-D16982DA1066} = {357E5491-C20A-45D9-AC0B-7B28F0664565}
		{C3BB5CCD-0DA5-42F6-A7E2-0044395C434C} = {1EE65D78-6B55-460E-B0D0-D16982DA1066}
		{D5701555-EDC2-44A6-A567-BB56AFA352A5} = {357E5491-C20A-45D9-AC0B-7B28F0664565}
		{7B151E69-270C-A015-7121-443D4248F431} = {E042081B-8626-4892-9193-824D42985FA0}
		{C81ACC94-5707-E8FC-7AF8-5C3957DAE04B} = {E042081B-8626-4892-9193-824D42985FA0}
		{D4B5EADA-0FB5-C84D-C5EC-FEA977F51334} = {E042081B-8626-4892-9193-824D42985FA0}
		{30115525-2031-C881-74FF-3BDA4697C7BC} = {E042081B-8626-4892-9193-824D42985FA0}
		{4BBB5533-A2D8-DA3C-F31F-A6D8F3F7296F} = {E042081B-8626-4892-9193-824D42985FA0}
		{55AC2B5F-4F95-49DA-88C3-D887445EF80A} = {F9ECAACB-5B00-4F23-B933-5D18A73097D7}
		{5F9E348C-63B4-4DD4-A61E-323AE174EF46} = {F9ECAACB-5B00-4F23-B933-5D18A73097D7}
		{92C01F7F-EA8C-4E37-8F60-CA37421245C7} = {F9ECAACB-5B00-4F23-B933-5D18A73097D7}
		{36314FA6-5B7A-4B88-A6E7-0BABE8A776FF} = {F9ECAACB-5B00-4F23-B933-5D18A73097D7}
		{369E9BDB-3083-4C7C-954D-A019CA582C91} = {F9ECAACB-5B00-4F23-B933-5D18A73097D7}
		{CC26E80C-DF2B-484E-97D9-AFFC90DD534F} = {22EF22D1-287F-492B-ACF3-56C1ED16D75A}
		{F89A2BD9-0564-4AA0-BCDD-86EE397D86B9} = {22EF22D1-287F-492B-ACF3-56C1ED16D75A}
		{0FF10C47-F2A2-480B-BEE6-59E24AFCCF31} = {22EF22D1-287F-492B-ACF3-56C1ED16D75A}
		{7ABEE8A6-23F9-4768-9012-4A3E3B5C71CE} = {22EF22D1-287F-492B-ACF3-56C1ED16D75A}
		{C6885573-FE0D-444E-905F-6C61C627B448} = {22EF22D1-287F-492B-ACF3-56C1ED16D75A}
		{A0FE7301-0D59-4C65-AF21-F65DF6375172} = {706E5073-E3F0-4CD8-AF56-90D84578AE5D}
		{9AE9CCCE-3297-4DBE-9E28-C06E807884EA} = {706E5073-E3F0-4CD8-AF56-90D84578AE5D}
		{32FC2F8D-017B-4B1C-8728-193E60CA995A} = {706E5073-E3F0-4CD8-AF56-90D84578AE5D}
		{EF200AD3-05C3-4D75-BDE7-E193B90E4213} = {706E5073-E3F0-4CD8-AF56-90D84578AE5D}
		{1136597D-4719-4218-80FC-617DD5AEDB9F} = {9DAC8A7A-8AF6-4DC8-8502-B9AB05C15BEE}
		{1DCE80F1-51E4-4C8B-8827-89AFA62174EA} = {9DAC8A7A-8AF6-4DC8-8502-B9AB05C15BEE}
		{359B2452-75F8-4D7C-AC6F-A8D4ECBE325C} = {9DAC8A7A-8AF6-4DC8-8502-B9AB05C15BEE}
		{28AF3FC5-F0DB-4B08-A3DF-2652B6846A09} = {9DAC8A7A-8AF6-4DC8-8502-B9AB05C15BEE}
		{D8E80D1E-4378-4BDB-B8ED-344E6EBB540F} = {7DA59ED2-7F0E-4C6F-842D-E0377D4A4A2C}
		{12D3E8EA-704A-4C73-B479-C33EE576D23C} = {7DA59ED2-7F0E-4C6F-842D-E0377D4A4A2C}
		{7FA202D4-6F38-4795-81CA-80593A0D9242} = {7DA59ED2-7F0E-4C6F-842D-E0377D4A4A2C}
		{17858BA7-8491-4AA1-9AF4-E4F5CA69535C} = {9DAC8A7A-8AF6-4DC8-8502-B9AB05C15BEE}
		{A257044A-E53E-459E-A4E4-D3A793374C30} = {7DA59ED2-7F0E-4C6F-842D-E0377D4A4A2C}
		{1B0788DC-3A5D-4D33-BEC5-97E39A449B30} = {7DA59ED2-7F0E-4C6F-842D-E0377D4A4A2C}
		{CA7EF548-A361-40C3-A29E-1446EDAE0101} = {4029913D-77FF-4C16-886C-ED330F25D286}
		{44CEDCD1-09A3-45D7-8286-F63FAC00B472} = {4029913D-77FF-4C16-886C-ED330F25D286}
		{A132C167-D89E-4D00-B67A-C3D93B9CF3D9} = {4029913D-77FF-4C16-886C-ED330F25D286}
		{2CFB7263-6EFA-D3A4-4DC1-10FF0D29533A} = {4029913D-77FF-4C16-886C-ED330F25D286}
		{43F22F19-37CC-43DD-A572-F93C8DCA59AC} = {A3ADFE47-C0D8-4690-850A-73567F73AD8D}
		{8A54E20A-0488-448D-AD32-031EA9B8E82D} = {A3ADFE47-C0D8-4690-850A-73567F73AD8D}
		{F99DB21A-8063-4EA6-B4B4-18743E14BF8D} = {A3ADFE47-C0D8-4690-850A-73567F73AD8D}
		{469E61B6-3C33-4DCE-88DF-D14D2EE595DB} = {A3ADFE47-C0D8-4690-850A-73567F73AD8D}
		{507813C4-4C38-4031-8226-AA7F9F831160} = {A3ADFE47-C0D8-4690-850A-73567F73AD8D}
		{B1F148A9-5127-455B-A926-BCF78AF1555A} = {4029913D-77FF-4C16-886C-ED330F25D286}
		{2165AE51-4843-499D-BB12-B8BF1D9B8672} = {B4935C7B-3577-46EB-9CF8-8A6864F8DA5B}
		{22AFEF1E-7EAD-4EE7-9E23-60417214DC56} = {B4935C7B-3577-46EB-9CF8-8A6864F8DA5B}
		{3A68594A-47AD-4C33-93CD-4DC6FA76A72E} = {B4935C7B-3577-46EB-9CF8-8A6864F8DA5B}
		{15A33213-041F-431C-A924-39B3D6F1D181} = {B4935C7B-3577-46EB-9CF8-8A6864F8DA5B}
		{C45DBE41-87EB-49F5-94C5-CB16B943E73F} = {B4935C7B-3577-46EB-9CF8-8A6864F8DA5B}
	EndGlobalSection
	GlobalSection(ExtensibilityGlobals) = postSolution
		SolutionGuid = {E394BB55-5333-4ABF-B4E9-BEAC4395597E}
	EndGlobalSection
EndGlobal
